$ANSIBLE_VAULT;1.1;AES256
62313366623232396562386430373037626638623039383562636662306335373639366139633861
6165653365376262353436633766303761363632326664360a353261313766623634376663326561
35393663663639663632653233623864313731336662303163393237336661323337343733626638
3730303065346564630a653035646535333362343333323738646237643239343936363031316631
39613934643462393063333263306461393066323665306536613563323261316437
